
Microsoft Visual Studio Solution File, Format Version 12.00
# Visual Studio 15
VisualStudioVersion = 15.0.26430.13
MinimumVisualStudioVersion = 10.0.40219.1
Project("{FAE04EC0-301F-11D3-BF4B-00C04F79EFBC}") = "Universities", "Universities\Universities.csproj", "{230CA8E2-4983-4550-AAB1-F4DEE8BF62AE}"
EndProject
Project("{FAE04EC0-301F-11D3-BF4B-00C04F79EFBC}") = "Universities.Tests", "Universities.Tests\Universities.Tests.csproj", "{E6F9E5FA-E7F1-49E3-B988-7CEDD390F5F9}"
EndProject
Global
	GlobalSection(SolutionConfigurationPlatforms) = preSolution
		Debug|Any CPU = Debug|Any CPU
		Release|Any CPU = Release|Any CPU
	EndGlobalSection
	GlobalSection(ProjectConfigurationPlatforms) = postSolution
		{230CA8E2-4983-4550-AAB1-F4DEE8BF62AE}.Debug|Any CPU.ActiveCfg = Debug|Any CPU
		{230CA8E2-4983-4550-AAB1-F4DEE8BF62AE}.Debug|Any CPU.Build.0 = Debug|Any CPU
		{230CA8E2-4983-4550-AAB1-F4DEE8BF62AE}.Release|Any CPU.ActiveCfg = Release|Any CPU
		{230CA8E2-4983-4550-AAB1-F4DEE8BF62AE}.Release|Any CPU.Build.0 = Release|Any CPU
		{E6F9E5FA-E7F1-49E3-B988-7CEDD390F5F9}.Debug|Any CPU.ActiveCfg = Debug|Any CPU
		{E6F9E5FA-E7F1-49E3-B988-7CEDD390F5F9}.Debug|Any CPU.Build.0 = Debug|Any CPU
		{E6F9E5FA-E7F1-49E3-B988-7CEDD390F5F9}.Release|Any CPU.ActiveCfg = Release|Any CPU
		{E6F9E5FA-E7F1-49E3-B988-7CEDD390F5F9}.Release|Any CPU.Build.0 = Release|Any CPU
	EndGlobalSection
	GlobalSection(SolutionProperties) = preSolution
		HideSolutionNode = FALSE
	EndGlobalSection
EndGlobal
